
Microsoft Visual Studio Solution File, Format Version 12.00
Project("{FAE04EC0-301F-11D3-BF4B-00C04F79EFBC}") = "NotificationService.Web", "NotificationService.Web\NotificationService.Web.csproj", "{BF698E4B-8972-4B39-A71B-FCE359399D3E}"
EndProject
Project("{2150E333-8FDC-42A3-9474-1A3956D46DE8}") = "Solution Items", "Solution Items", "{139C9C16-48C2-4933-814C-45933E361658}"
	ProjectSection(SolutionItems) = preProject
		docker-compose.yml = docker-compose.yml
	EndProjectSection
EndProject
Global
	GlobalSection(SolutionConfigurationPlatforms) = preSolution
		Debug|Any CPU = Debug|Any CPU
		Release|Any CPU = Release|Any CPU
	EndGlobalSection
	GlobalSection(ProjectConfigurationPlatforms) = postSolution
		{BF698E4B-8972-4B39-A71B-FCE359399D3E}.Debug|Any CPU.ActiveCfg = Debug|Any CPU
		{BF698E4B-8972-4B39-A71B-FCE359399D3E}.Debug|Any CPU.Build.0 = Debug|Any CPU
		{BF698E4B-8972-4B39-A71B-FCE359399D3E}.Release|Any CPU.ActiveCfg = Release|Any CPU
		{BF698E4B-8972-4B39-A71B-FCE359399D3E}.Release|Any CPU.Build.0 = Release|Any CPU
	EndGlobalSection
EndGlobal
